
Microsoft Visual Studio Solution File, Format Version 12.00
# Visual Studio Version 17
VisualStudioVersion = 17.4.33213.308
MinimumVisualStudioVersion = 10.0.40219.1
Project("{FAE04EC0-301F-11D3-BF4B-00C04F79EFBC}") = "Elifarma.WebReport", "Elifarma.WebReport\Elifarma.WebReport.csproj", "{01754E58-61AE-4A0B-A88E-040D734D935E}"
EndProject
Global
	GlobalSection(SolutionConfigurationPlatforms) = preSolution
		Debug|Any CPU = Debug|Any CPU
		Release|Any CPU = Release|Any CPU
	EndGlobalSection
	GlobalSection(ProjectConfigurationPlatforms) = postSolution
		{01754E58-61AE-4A0B-A88E-040D734D935E}.Debug|Any CPU.ActiveCfg = Debug|Any CPU
		{01754E58-61AE-4A0B-A88E-040D734D935E}.Debug|Any CPU.Build.0 = Debug|Any CPU
		{01754E58-61AE-4A0B-A88E-040D734D935E}.Release|Any CPU.ActiveCfg = Release|Any CPU
		{01754E58-61AE-4A0B-A88E-040D734D935E}.Release|Any CPU.Build.0 = Release|Any CPU
	EndGlobalSection
	GlobalSection(SolutionProperties) = preSolution
		HideSolutionNode = FALSE
	EndGlobalSection
	GlobalSection(ExtensibilityGlobals) = postSolution
		SolutionGuid = {BD0F105F-F4AD-4CCE-B033-F49A95D48A95}
	EndGlobalSection
EndGlobal
